
Microsoft Visual Studio Solution File, Format Version 12.00
# Visual Studio Version 16
VisualStudioVersion = 16.0.30011.22
MinimumVisualStudioVersion = 10.0.40219.1
Project("{9A19103F-16F7-4668-BE54-9A1E7A4F7556}") = "CodeWithJv", "CodeWithJv.csproj", "{A5E91B3E-813A-489A-BDE2-D2A13A0B1DCA}"
EndProject
Global
	GlobalSection(SolutionConfigurationPlatforms) = preSolution
		Debug|Any CPU = Debug|Any CPU
		Release|Any CPU = Release|Any CPU
	EndGlobalSection
	GlobalSection(ProjectConfigurationPlatforms) = postSolution
		{A5E91B3E-813A-489A-BDE2-D2A13A0B1DCA}.Debug|Any CPU.ActiveCfg = Debug|Any CPU
		{A5E91B3E-813A-489A-BDE2-D2A13A0B1DCA}.Debug|Any CPU.Build.0 = Debug|Any CPU
		{A5E91B3E-813A-489A-BDE2-D2A13A0B1DCA}.Release|Any CPU.ActiveCfg = Release|Any CPU
		{A5E91B3E-813A-489A-BDE2-D2A13A0B1DCA}.Release|Any CPU.Build.0 = Release|Any CPU
	EndGlobalSection
	GlobalSection(SolutionProperties) = preSolution
		HideSolutionNode = FALSE
	EndGlobalSection
	GlobalSection(ExtensibilityGlobals) = postSolution
		SolutionGuid = {2C76D64A-3C14-4C65-85ED-97ADC9891C29}
	EndGlobalSection
EndGlobal
